
Microsoft Visual Studio Solution File, Format Version 12.00
# Visual Studio Version 17
VisualStudioVersion = 17.7.34024.191
MinimumVisualStudioVersion = 10.0.40219.1
Project("{8BC9CEB8-8B4A-11D0-8D11-00A0C91BC942}") = "test project", "test project\test project.vcxproj", "{17FDA762-7783-4984-BD84-ECF268FD5F32}"
EndProject
Global
	GlobalSection(SolutionConfigurationPlatforms) = preSolution
		Debug|x64 = Debug|x64
		Debug|x86 = Debug|x86
		Release|x64 = Release|x64
		Release|x86 = Release|x86
	EndGlobalSection
	GlobalSection(ProjectConfigurationPlatforms) = postSolution
		{17FDA762-7783-4984-BD84-ECF268FD5F32}.Debug|x64.ActiveCfg = Debug|x64
		{17FDA762-7783-4984-BD84-ECF268FD5F32}.Debug|x64.Build.0 = Debug|x64
		{17FDA762-7783-4984-BD84-ECF268FD5F32}.Debug|x86.ActiveCfg = Debug|Win32
		{17FDA762-7783-4984-BD84-ECF268FD5F32}.Debug|x86.Build.0 = Debug|Win32
		{17FDA762-7783-4984-BD84-ECF268FD5F32}.Release|x64.ActiveCfg = Release|x64
		{17FDA762-7783-4984-BD84-ECF268FD5F32}.Release|x64.Build.0 = Release|x64
		{17FDA762-7783-4984-BD84-ECF268FD5F32}.Release|x86.ActiveCfg = Release|Win32
		{17FDA762-7783-4984-BD84-ECF268FD5F32}.Release|x86.Build.0 = Release|Win32
	EndGlobalSection
	GlobalSection(SolutionProperties) = preSolution
		HideSolutionNode = FALSE
	EndGlobalSection
	GlobalSection(ExtensibilityGlobals) = postSolution
		SolutionGuid = {165EF35A-FA11-43DF-9C2D-1838C28BE6CD}
	EndGlobalSection
EndGlobal
